
Microsoft Visual Studio Solution File, Format Version 12.00
# Visual Studio Version 17
VisualStudioVersion = 17.5.002.0
MinimumVisualStudioVersion = 10.0.40219.1
Project("{9A19103F-16F7-4668-BE54-9A1E7A4F7556}") = "TestProject", "TestProject.csproj", "{11DCD5C8-C9B4-4E4B-80F1-4BDA2E21C3EE}"
EndProject
Project("{2150E333-8FDC-42A3-9474-1A3956D46DE8}") = "CsharpProjects", "CsharpProjects", "{46D37568-9BEA-4EAE-A431-9FD6C2BA557E}"
EndProject
Project("{9A19103F-16F7-4668-BE54-9A1E7A4F7556}") = "TestProject", "CsharpProjects\TestProject\TestProject.csproj", "{24D9EDF1-7295-4998-ACA4-D92D48F5150A}"
EndProject
Global
	GlobalSection(SolutionConfigurationPlatforms) = preSolution
		Debug|Any CPU = Debug|Any CPU
		Release|Any CPU = Release|Any CPU
	EndGlobalSection
	GlobalSection(ProjectConfigurationPlatforms) = postSolution
		{11DCD5C8-C9B4-4E4B-80F1-4BDA2E21C3EE}.Debug|Any CPU.ActiveCfg = Debug|Any CPU
		{11DCD5C8-C9B4-4E4B-80F1-4BDA2E21C3EE}.Debug|Any CPU.Build.0 = Debug|Any CPU
		{11DCD5C8-C9B4-4E4B-80F1-4BDA2E21C3EE}.Release|Any CPU.ActiveCfg = Release|Any CPU
		{11DCD5C8-C9B4-4E4B-80F1-4BDA2E21C3EE}.Release|Any CPU.Build.0 = Release|Any CPU
		{24D9EDF1-7295-4998-ACA4-D92D48F5150A}.Debug|Any CPU.ActiveCfg = Debug|Any CPU
		{24D9EDF1-7295-4998-ACA4-D92D48F5150A}.Debug|Any CPU.Build.0 = Debug|Any CPU
		{24D9EDF1-7295-4998-ACA4-D92D48F5150A}.Release|Any CPU.ActiveCfg = Release|Any CPU
		{24D9EDF1-7295-4998-ACA4-D92D48F5150A}.Release|Any CPU.Build.0 = Release|Any CPU
	EndGlobalSection
	GlobalSection(SolutionProperties) = preSolution
		HideSolutionNode = FALSE
	EndGlobalSection
	GlobalSection(NestedProjects) = preSolution
		{24D9EDF1-7295-4998-ACA4-D92D48F5150A} = {46D37568-9BEA-4EAE-A431-9FD6C2BA557E}
	EndGlobalSection
	GlobalSection(ExtensibilityGlobals) = postSolution
		SolutionGuid = {1702B7C1-DC24-4AB6-A37E-90890D0000C8}
	EndGlobalSection
EndGlobal
